
Microsoft Visual Studio Solution File, Format Version 12.00
# Visual Studio Version 17
VisualStudioVersion = 17.11.35327.3
MinimumVisualStudioVersion = 10.0.40219.1
Project("{9A19103F-16F7-4668-BE54-9A1E7A4F7556}") = "DonQuixote", "DonQuixote\DonQuixote.csproj", "{B15BBFDE-580E-4022-8380-8A4E698EE18D}"
EndProject
Project("{9A19103F-16F7-4668-BE54-9A1E7A4F7556}") = "ChasingWindmillsInLogic", "..\..\..\Backend\ChasingWindmillsInLogic\ChasingWindmillsInLogic\ChasingWindmillsInLogic.csproj", "{FE079DCE-BCDB-43EA-AB33-D6475769B320}"
EndProject
Global
	GlobalSection(SolutionConfigurationPlatforms) = preSolution
		Debug|Any CPU = Debug|Any CPU
		Release|Any CPU = Release|Any CPU
	EndGlobalSection
	GlobalSection(ProjectConfigurationPlatforms) = postSolution
		{B15BBFDE-580E-4022-8380-8A4E698EE18D}.Debug|Any CPU.ActiveCfg = Debug|Any CPU
		{B15BBFDE-580E-4022-8380-8A4E698EE18D}.Debug|Any CPU.Build.0 = Debug|Any CPU
		{B15BBFDE-580E-4022-8380-8A4E698EE18D}.Release|Any CPU.ActiveCfg = Release|Any CPU
		{B15BBFDE-580E-4022-8380-8A4E698EE18D}.Release|Any CPU.Build.0 = Release|Any CPU
		{FE079DCE-BCDB-43EA-AB33-D6475769B320}.Debug|Any CPU.ActiveCfg = Debug|Any CPU
		{FE079DCE-BCDB-43EA-AB33-D6475769B320}.Debug|Any CPU.Build.0 = Debug|Any CPU
		{FE079DCE-BCDB-43EA-AB33-D6475769B320}.Release|Any CPU.ActiveCfg = Release|Any CPU
		{FE079DCE-BCDB-43EA-AB33-D6475769B320}.Release|Any CPU.Build.0 = Release|Any CPU
	EndGlobalSection
	GlobalSection(SolutionProperties) = preSolution
		HideSolutionNode = FALSE
	EndGlobalSection
	GlobalSection(ExtensibilityGlobals) = postSolution
		SolutionGuid = {2D44483C-62F1-42D9-B822-8A23AB24EE5A}
	EndGlobalSection
EndGlobal
